
Microsoft Visual Studio Solution File, Format Version 12.00
Project("{2150E333-8FDC-42A3-9474-1A3956D46DE8}") = "src", "src", "{0273AB41-220B-494B-8C5C-29951424B835}"
ProjectSection(SolutionItems) = preProject
	.dockerignore = .dockerignore
EndProjectSection
EndProject
Project("{2150E333-8FDC-42A3-9474-1A3956D46DE8}") = "catalog", "catalog", "{30089089-B6A0-4571-8331-990030DE8746}"
EndProject
Project("{FAE04EC0-301F-11D3-BF4B-00C04F79EFBC}") = "Catalog.API", "src\catalog\Catalog.API\Catalog.API.csproj", "{0A17354B-C8ED-45FD-9BF4-BA1C2D30EFC5}"
EndProject
Project("{2150E333-8FDC-42A3-9474-1A3956D46DE8}") = "basket", "basket", "{012D94BF-176C-496D-A3FB-E589337DE5F0}"
EndProject
Project("{FAE04EC0-301F-11D3-BF4B-00C04F79EFBC}") = "Basket.API", "src\basket\Basket.API\Basket.API.csproj", "{B04BE0A5-8423-4D2E-B412-63D8B2128162}"
EndProject
Project("{2150E333-8FDC-42A3-9474-1A3956D46DE8}") = "common", "common", "{D97D1BCE-2761-4558-9096-030464FC326F}"
EndProject
Project("{FAE04EC0-301F-11D3-BF4B-00C04F79EFBC}") = "EventBusRabbitMQ", "src\common\EventBusRabbitMQ\EventBusRabbitMQ.csproj", "{AB29BD37-0636-4AC7-BF3C-191D4C7A8809}"
EndProject
Project("{2150E333-8FDC-42A3-9474-1A3956D46DE8}") = "ordering", "ordering", "{F3751DCC-1158-48CC-9333-6A14C873580F}"
EndProject
Project("{FAE04EC0-301F-11D3-BF4B-00C04F79EFBC}") = "Ordering.API", "src\ordering\Ordering.API\Ordering.API.csproj", "{B7BAC3AC-8678-4FC6-B122-C36A20B96073}"
EndProject
Project("{FAE04EC0-301F-11D3-BF4B-00C04F79EFBC}") = "Ordering.Core", "src\ordering\Ordering.Core\Ordering.Core.csproj", "{1B6352A4-D4CF-4E3C-A8D9-959D843491F9}"
EndProject
Project("{FAE04EC0-301F-11D3-BF4B-00C04F79EFBC}") = "Ordering.Infrastructure", "src\ordering\Ordering.Infrastructure\Ordering.Infrastructure.csproj", "{3AE4B7D3-CAA9-4B45-963B-D9428874DB79}"
EndProject
Project("{FAE04EC0-301F-11D3-BF4B-00C04F79EFBC}") = "Ordering.Application", "src\ordering\Ordering.Application\Ordering.Application.csproj", "{468C3331-0AC0-4916-AB0E-190D42F020B1}"
EndProject
Global
	GlobalSection(SolutionConfigurationPlatforms) = preSolution
		Debug|Any CPU = Debug|Any CPU
		Release|Any CPU = Release|Any CPU
	EndGlobalSection
	GlobalSection(NestedProjects) = preSolution
		{30089089-B6A0-4571-8331-990030DE8746} = {0273AB41-220B-494B-8C5C-29951424B835}
		{0A17354B-C8ED-45FD-9BF4-BA1C2D30EFC5} = {30089089-B6A0-4571-8331-990030DE8746}
		{012D94BF-176C-496D-A3FB-E589337DE5F0} = {0273AB41-220B-494B-8C5C-29951424B835}
		{B04BE0A5-8423-4D2E-B412-63D8B2128162} = {012D94BF-176C-496D-A3FB-E589337DE5F0}
		{D97D1BCE-2761-4558-9096-030464FC326F} = {0273AB41-220B-494B-8C5C-29951424B835}
		{AB29BD37-0636-4AC7-BF3C-191D4C7A8809} = {D97D1BCE-2761-4558-9096-030464FC326F}
		{F3751DCC-1158-48CC-9333-6A14C873580F} = {0273AB41-220B-494B-8C5C-29951424B835}
		{B7BAC3AC-8678-4FC6-B122-C36A20B96073} = {F3751DCC-1158-48CC-9333-6A14C873580F}
		{1B6352A4-D4CF-4E3C-A8D9-959D843491F9} = {F3751DCC-1158-48CC-9333-6A14C873580F}
		{3AE4B7D3-CAA9-4B45-963B-D9428874DB79} = {F3751DCC-1158-48CC-9333-6A14C873580F}
		{468C3331-0AC0-4916-AB0E-190D42F020B1} = {F3751DCC-1158-48CC-9333-6A14C873580F}
	EndGlobalSection
	GlobalSection(ProjectConfigurationPlatforms) = postSolution
		{0A17354B-C8ED-45FD-9BF4-BA1C2D30EFC5}.Debug|Any CPU.ActiveCfg = Debug|Any CPU
		{0A17354B-C8ED-45FD-9BF4-BA1C2D30EFC5}.Debug|Any CPU.Build.0 = Debug|Any CPU
		{0A17354B-C8ED-45FD-9BF4-BA1C2D30EFC5}.Release|Any CPU.ActiveCfg = Release|Any CPU
		{0A17354B-C8ED-45FD-9BF4-BA1C2D30EFC5}.Release|Any CPU.Build.0 = Release|Any CPU
		{B04BE0A5-8423-4D2E-B412-63D8B2128162}.Debug|Any CPU.ActiveCfg = Debug|Any CPU
		{B04BE0A5-8423-4D2E-B412-63D8B2128162}.Debug|Any CPU.Build.0 = Debug|Any CPU
		{B04BE0A5-8423-4D2E-B412-63D8B2128162}.Release|Any CPU.ActiveCfg = Release|Any CPU
		{B04BE0A5-8423-4D2E-B412-63D8B2128162}.Release|Any CPU.Build.0 = Release|Any CPU
		{AB29BD37-0636-4AC7-BF3C-191D4C7A8809}.Debug|Any CPU.ActiveCfg = Debug|Any CPU
		{AB29BD37-0636-4AC7-BF3C-191D4C7A8809}.Debug|Any CPU.Build.0 = Debug|Any CPU
		{AB29BD37-0636-4AC7-BF3C-191D4C7A8809}.Release|Any CPU.ActiveCfg = Release|Any CPU
		{AB29BD37-0636-4AC7-BF3C-191D4C7A8809}.Release|Any CPU.Build.0 = Release|Any CPU
		{B7BAC3AC-8678-4FC6-B122-C36A20B96073}.Debug|Any CPU.ActiveCfg = Debug|Any CPU
		{B7BAC3AC-8678-4FC6-B122-C36A20B96073}.Debug|Any CPU.Build.0 = Debug|Any CPU
		{B7BAC3AC-8678-4FC6-B122-C36A20B96073}.Release|Any CPU.ActiveCfg = Release|Any CPU
		{B7BAC3AC-8678-4FC6-B122-C36A20B96073}.Release|Any CPU.Build.0 = Release|Any CPU
		{1B6352A4-D4CF-4E3C-A8D9-959D843491F9}.Debug|Any CPU.ActiveCfg = Debug|Any CPU
		{1B6352A4-D4CF-4E3C-A8D9-959D843491F9}.Debug|Any CPU.Build.0 = Debug|Any CPU
		{1B6352A4-D4CF-4E3C-A8D9-959D843491F9}.Release|Any CPU.ActiveCfg = Release|Any CPU
		{1B6352A4-D4CF-4E3C-A8D9-959D843491F9}.Release|Any CPU.Build.0 = Release|Any CPU
		{3AE4B7D3-CAA9-4B45-963B-D9428874DB79}.Debug|Any CPU.ActiveCfg = Debug|Any CPU
		{3AE4B7D3-CAA9-4B45-963B-D9428874DB79}.Debug|Any CPU.Build.0 = Debug|Any CPU
		{3AE4B7D3-CAA9-4B45-963B-D9428874DB79}.Release|Any CPU.ActiveCfg = Release|Any CPU
		{3AE4B7D3-CAA9-4B45-963B-D9428874DB79}.Release|Any CPU.Build.0 = Release|Any CPU
		{468C3331-0AC0-4916-AB0E-190D42F020B1}.Debug|Any CPU.ActiveCfg = Debug|Any CPU
		{468C3331-0AC0-4916-AB0E-190D42F020B1}.Debug|Any CPU.Build.0 = Debug|Any CPU
		{468C3331-0AC0-4916-AB0E-190D42F020B1}.Release|Any CPU.ActiveCfg = Release|Any CPU
		{468C3331-0AC0-4916-AB0E-190D42F020B1}.Release|Any CPU.Build.0 = Release|Any CPU
	EndGlobalSection
EndGlobal
